
Microsoft Visual Studio Solution File, Format Version 12.00
# Visual Studio Version 17
VisualStudioVersion = 17.1.32421.90
MinimumVisualStudioVersion = 10.0.40219.1
Project("{9A19103F-16F7-4668-BE54-9A1E7A4F7556}") = "PpeRequestGenTool.Data", "PpeRequestGenTool.Data\PpeRequestGenTool.Data.csproj", "{EF8AF727-2085-40D5-8E41-17A51CA6BCB7}"
EndProject
Project("{9A19103F-16F7-4668-BE54-9A1E7A4F7556}") = "PpeRequestGenTool.DataAccess", "PpeRequestGenTool.DataAccess\PpeRequestGenTool.DataAccess.csproj", "{4A3B1A78-BF2F-4662-A231-0FA36C530349}"
EndProject
Project("{9A19103F-16F7-4668-BE54-9A1E7A4F7556}") = "PpeRequestGenTool.Business", "PpeRequestGenTool.Business\PpeRequestGenTool.Business.csproj", "{52F974CD-0A35-4001-B4C4-D0094039F381}"
EndProject
Project("{9A19103F-16F7-4668-BE54-9A1E7A4F7556}") = "PpeRequestGenTool.Presentation", "PpeRequestGenTool.Presentation\PpeRequestGenTool.Presentation.csproj", "{2E973109-057C-4A43-AEC4-548A1681174C}"
EndProject
Global
	GlobalSection(SolutionConfigurationPlatforms) = preSolution
		Debug|Any CPU = Debug|Any CPU
		Release|Any CPU = Release|Any CPU
	EndGlobalSection
	GlobalSection(ProjectConfigurationPlatforms) = postSolution
		{EF8AF727-2085-40D5-8E41-17A51CA6BCB7}.Debug|Any CPU.ActiveCfg = Debug|Any CPU
		{EF8AF727-2085-40D5-8E41-17A51CA6BCB7}.Debug|Any CPU.Build.0 = Debug|Any CPU
		{EF8AF727-2085-40D5-8E41-17A51CA6BCB7}.Release|Any CPU.ActiveCfg = Release|Any CPU
		{EF8AF727-2085-40D5-8E41-17A51CA6BCB7}.Release|Any CPU.Build.0 = Release|Any CPU
		{4A3B1A78-BF2F-4662-A231-0FA36C530349}.Debug|Any CPU.ActiveCfg = Debug|Any CPU
		{4A3B1A78-BF2F-4662-A231-0FA36C530349}.Debug|Any CPU.Build.0 = Debug|Any CPU
		{4A3B1A78-BF2F-4662-A231-0FA36C530349}.Release|Any CPU.ActiveCfg = Release|Any CPU
		{4A3B1A78-BF2F-4662-A231-0FA36C530349}.Release|Any CPU.Build.0 = Release|Any CPU
		{52F974CD-0A35-4001-B4C4-D0094039F381}.Debug|Any CPU.ActiveCfg = Debug|Any CPU
		{52F974CD-0A35-4001-B4C4-D0094039F381}.Debug|Any CPU.Build.0 = Debug|Any CPU
		{52F974CD-0A35-4001-B4C4-D0094039F381}.Release|Any CPU.ActiveCfg = Release|Any CPU
		{52F974CD-0A35-4001-B4C4-D0094039F381}.Release|Any CPU.Build.0 = Release|Any CPU
		{2E973109-057C-4A43-AEC4-548A1681174C}.Debug|Any CPU.ActiveCfg = Debug|Any CPU
		{2E973109-057C-4A43-AEC4-548A1681174C}.Debug|Any CPU.Build.0 = Debug|Any CPU
		{2E973109-057C-4A43-AEC4-548A1681174C}.Release|Any CPU.ActiveCfg = Release|Any CPU
		{2E973109-057C-4A43-AEC4-548A1681174C}.Release|Any CPU.Build.0 = Release|Any CPU
	EndGlobalSection
	GlobalSection(SolutionProperties) = preSolution
		HideSolutionNode = FALSE
	EndGlobalSection
	GlobalSection(ExtensibilityGlobals) = postSolution
		SolutionGuid = {A926D6F2-B15C-4BC9-82C9-1E5760CEBFD5}
	EndGlobalSection
EndGlobal
